
Microsoft Visual Studio Solution File, Format Version 12.00
# Visual Studio 15
VisualStudioVersion = 15.0.28010.2050
MinimumVisualStudioVersion = 10.0.40219.1
Project("{FAE04EC0-301F-11D3-BF4B-00C04F79EFBC}") = "Bookish.ConsoleApp", "Bookish.ConsoleApp\Bookish.ConsoleApp.csproj", "{A1A796F5-BC31-42CF-951E-95065228B2FF}"
EndProject
Project("{FAE04EC0-301F-11D3-BF4B-00C04F79EFBC}") = "Bookish.DataAccess", "Bookish.DataAccess\Bookish.DataAccess.csproj", "{A39C649B-12B8-4760-BABA-3AC3FFAF772A}"
EndProject
Global
	GlobalSection(SolutionConfigurationPlatforms) = preSolution
		Debug|Any CPU = Debug|Any CPU
		Release|Any CPU = Release|Any CPU
	EndGlobalSection
	GlobalSection(ProjectConfigurationPlatforms) = postSolution
		{A1A796F5-BC31-42CF-951E-95065228B2FF}.Debug|Any CPU.ActiveCfg = Debug|Any CPU
		{A1A796F5-BC31-42CF-951E-95065228B2FF}.Debug|Any CPU.Build.0 = Debug|Any CPU
		{A1A796F5-BC31-42CF-951E-95065228B2FF}.Release|Any CPU.ActiveCfg = Release|Any CPU
		{A1A796F5-BC31-42CF-951E-95065228B2FF}.Release|Any CPU.Build.0 = Release|Any CPU
		{A39C649B-12B8-4760-BABA-3AC3FFAF772A}.Debug|Any CPU.ActiveCfg = Debug|Any CPU
		{A39C649B-12B8-4760-BABA-3AC3FFAF772A}.Debug|Any CPU.Build.0 = Debug|Any CPU
		{A39C649B-12B8-4760-BABA-3AC3FFAF772A}.Release|Any CPU.ActiveCfg = Release|Any CPU
		{A39C649B-12B8-4760-BABA-3AC3FFAF772A}.Release|Any CPU.Build.0 = Release|Any CPU
	EndGlobalSection
	GlobalSection(SolutionProperties) = preSolution
		HideSolutionNode = FALSE
	EndGlobalSection
	GlobalSection(ExtensibilityGlobals) = postSolution
		SolutionGuid = {0945B8D1-607F-4ACA-B60B-56993947B860}
	EndGlobalSection
EndGlobal
